
Microsoft Visual Studio Solution File, Format Version 12.00
Project("{2150E333-8FDC-42A3-9474-1A3956D46DE8}") = "src", "src", "{937ECD5C-2CB9-450F-9364-B03032DBE35E}"
EndProject
Project("{2150E333-8FDC-42A3-9474-1A3956D46DE8}") = "tests", "tests", "{F72EC5EC-4518-4C73-9D12-8EEA2866DDEC}"
EndProject
Project("{FAE04EC0-301F-11D3-BF4B-00C04F79EFBC}") = "Fiap.TechChallenge.Infrastructure", "src\Fiap.TechChallenge.Infrastructure\Fiap.TechChallenge.Infrastructure.csproj", "{B594DB21-0979-4F23-A7E0-5EF74A6E94CE}"
EndProject
Project("{FAE04EC0-301F-11D3-BF4B-00C04F79EFBC}") = "Fiap.TechChallenge.Application", "src\Fiap.TechChallenge.Application\Fiap.TechChallenge.Application.csproj", "{3B4CC8EE-5670-46D7-BA81-9FD856FC101A}"
EndProject
Project("{FAE04EC0-301F-11D3-BF4B-00C04F79EFBC}") = "Fiap.TechChallenge.Domain", "src\Fiap.TechChallenge.Domain\Fiap.TechChallenge.Domain.csproj", "{94A96C8D-5A34-48EC-8778-B3ED55122458}"
EndProject
Project("{FAE04EC0-301F-11D3-BF4B-00C04F79EFBC}") = "Fiap.TechChallenge.UnitTests", "tests\Fiap.TechChallenge.UnitTests\Fiap.TechChallenge.UnitTests.csproj", "{5FC396A3-5214-4BA7-8417-E456E433876A}"
EndProject
Project("{FAE04EC0-301F-11D3-BF4B-00C04F79EFBC}") = "Fiap.TechChallenge.Worker", "src\Fiap.TechChallenge.Worker\Fiap.TechChallenge.Worker.csproj", "{684D38E9-D274-493A-B787-55DA96CF26B9}"
EndProject
Global
	GlobalSection(SolutionConfigurationPlatforms) = preSolution
		Debug|Any CPU = Debug|Any CPU
		Release|Any CPU = Release|Any CPU
	EndGlobalSection
	GlobalSection(NestedProjects) = preSolution
		{B594DB21-0979-4F23-A7E0-5EF74A6E94CE} = {937ECD5C-2CB9-450F-9364-B03032DBE35E}
		{3B4CC8EE-5670-46D7-BA81-9FD856FC101A} = {937ECD5C-2CB9-450F-9364-B03032DBE35E}
		{94A96C8D-5A34-48EC-8778-B3ED55122458} = {937ECD5C-2CB9-450F-9364-B03032DBE35E}
		{5FC396A3-5214-4BA7-8417-E456E433876A} = {F72EC5EC-4518-4C73-9D12-8EEA2866DDEC}
		{684D38E9-D274-493A-B787-55DA96CF26B9} = {937ECD5C-2CB9-450F-9364-B03032DBE35E}
	EndGlobalSection
	GlobalSection(ProjectConfigurationPlatforms) = postSolution
		{B594DB21-0979-4F23-A7E0-5EF74A6E94CE}.Debug|Any CPU.ActiveCfg = Debug|Any CPU
		{B594DB21-0979-4F23-A7E0-5EF74A6E94CE}.Debug|Any CPU.Build.0 = Debug|Any CPU
		{B594DB21-0979-4F23-A7E0-5EF74A6E94CE}.Release|Any CPU.ActiveCfg = Release|Any CPU
		{B594DB21-0979-4F23-A7E0-5EF74A6E94CE}.Release|Any CPU.Build.0 = Release|Any CPU
		{3B4CC8EE-5670-46D7-BA81-9FD856FC101A}.Debug|Any CPU.ActiveCfg = Debug|Any CPU
		{3B4CC8EE-5670-46D7-BA81-9FD856FC101A}.Debug|Any CPU.Build.0 = Debug|Any CPU
		{3B4CC8EE-5670-46D7-BA81-9FD856FC101A}.Release|Any CPU.ActiveCfg = Release|Any CPU
		{3B4CC8EE-5670-46D7-BA81-9FD856FC101A}.Release|Any CPU.Build.0 = Release|Any CPU
		{94A96C8D-5A34-48EC-8778-B3ED55122458}.Debug|Any CPU.ActiveCfg = Debug|Any CPU
		{94A96C8D-5A34-48EC-8778-B3ED55122458}.Debug|Any CPU.Build.0 = Debug|Any CPU
		{94A96C8D-5A34-48EC-8778-B3ED55122458}.Release|Any CPU.ActiveCfg = Release|Any CPU
		{94A96C8D-5A34-48EC-8778-B3ED55122458}.Release|Any CPU.Build.0 = Release|Any CPU
		{5FC396A3-5214-4BA7-8417-E456E433876A}.Debug|Any CPU.ActiveCfg = Debug|Any CPU
		{5FC396A3-5214-4BA7-8417-E456E433876A}.Debug|Any CPU.Build.0 = Debug|Any CPU
		{5FC396A3-5214-4BA7-8417-E456E433876A}.Release|Any CPU.ActiveCfg = Release|Any CPU
		{5FC396A3-5214-4BA7-8417-E456E433876A}.Release|Any CPU.Build.0 = Release|Any CPU
		{684D38E9-D274-493A-B787-55DA96CF26B9}.Debug|Any CPU.ActiveCfg = Debug|Any CPU
		{684D38E9-D274-493A-B787-55DA96CF26B9}.Debug|Any CPU.Build.0 = Debug|Any CPU
		{684D38E9-D274-493A-B787-55DA96CF26B9}.Release|Any CPU.ActiveCfg = Release|Any CPU
		{684D38E9-D274-493A-B787-55DA96CF26B9}.Release|Any CPU.Build.0 = Release|Any CPU
	EndGlobalSection
EndGlobal
